
Microsoft Visual Studio Solution File, Format Version 12.00
# Visual Studio Version 17
VisualStudioVersion = 17.4.33122.133
MinimumVisualStudioVersion = 10.0.40219.1
Project("{FAE04EC0-301F-11D3-BF4B-00C04F79EFBC}") = "home work 2", "home work 2.csproj", "{E751CC81-81BF-4354-BE2A-B90D3942D619}"
EndProject
Global
	GlobalSection(SolutionConfigurationPlatforms) = preSolution
		Debug|Any CPU = Debug|Any CPU
		Release|Any CPU = Release|Any CPU
	EndGlobalSection
	GlobalSection(ProjectConfigurationPlatforms) = postSolution
		{E751CC81-81BF-4354-BE2A-B90D3942D619}.Debug|Any CPU.ActiveCfg = Debug|Any CPU
		{E751CC81-81BF-4354-BE2A-B90D3942D619}.Debug|Any CPU.Build.0 = Debug|Any CPU
		{E751CC81-81BF-4354-BE2A-B90D3942D619}.Release|Any CPU.ActiveCfg = Release|Any CPU
		{E751CC81-81BF-4354-BE2A-B90D3942D619}.Release|Any CPU.Build.0 = Release|Any CPU
	EndGlobalSection
	GlobalSection(SolutionProperties) = preSolution
		HideSolutionNode = FALSE
	EndGlobalSection
	GlobalSection(ExtensibilityGlobals) = postSolution
		SolutionGuid = {F15BBE5F-7786-4C18-AD5A-5979C2D25320}
	EndGlobalSection
EndGlobal
