
Microsoft Visual Studio Solution File, Format Version 12.00
# Visual Studio Version 17
VisualStudioVersion = 17.4.33122.133
MinimumVisualStudioVersion = 10.0.40219.1
Project("{FAE04EC0-301F-11D3-BF4B-00C04F79EFBC}") = "Home Work 7", "Home Work 7.csproj", "{9F34E040-CF0A-4044-B454-F278FEFE9EA1}"
EndProject
Global
	GlobalSection(SolutionConfigurationPlatforms) = preSolution
		Debug|Any CPU = Debug|Any CPU
		Release|Any CPU = Release|Any CPU
	EndGlobalSection
	GlobalSection(ProjectConfigurationPlatforms) = postSolution
		{9F34E040-CF0A-4044-B454-F278FEFE9EA1}.Debug|Any CPU.ActiveCfg = Debug|Any CPU
		{9F34E040-CF0A-4044-B454-F278FEFE9EA1}.Debug|Any CPU.Build.0 = Debug|Any CPU
		{9F34E040-CF0A-4044-B454-F278FEFE9EA1}.Release|Any CPU.ActiveCfg = Release|Any CPU
		{9F34E040-CF0A-4044-B454-F278FEFE9EA1}.Release|Any CPU.Build.0 = Release|Any CPU
	EndGlobalSection
	GlobalSection(SolutionProperties) = preSolution
		HideSolutionNode = FALSE
	EndGlobalSection
	GlobalSection(ExtensibilityGlobals) = postSolution
		SolutionGuid = {150B3847-8AFE-4D67-B49F-E741416E23C4}
	EndGlobalSection
EndGlobal
